// !$*UTF8*$!
{
	archiveVersion = 1;
	classes = {
	};
	objectVersion = 46;
	objects = {

/* Begin PBXAggregateTarget section */
		6770AE1276DB4264BCACE2D1 /* ALL_BUILD */ = {
			isa = PBXAggregateTarget;
			buildConfigurationList = 9146EC9287414099A34E7673 /* Build configuration list for PBXAggregateTarget "ALL_BUILD" */;
			buildPhases = (
				0B6A77B57F7240ED9DC8B2F7 /* CMake Rules */,
			);
			dependencies = (
				A42FA777AC944E03A6E9D4B1 /* PBXTargetDependency */,
				D5CB56D46286493890EFFEAB /* PBXTargetDependency */,
			);
			name = ALL_BUILD;
			productName = ALL_BUILD;
		};
		F72380DF5B544A3CAAA5A836 /* ZERO_CHECK */ = {
			isa = PBXAggregateTarget;
			buildConfigurationList = B1A34AEA78A649C1B02CD203 /* Build configuration list for PBXAggregateTarget "ZERO_CHECK" */;
			buildPhases = (
				C44D56F592B24DFAA1F90CC4 /* CMake Rules */,
			);
			dependencies = (
			);
			name = ZERO_CHECK;
			productName = ZERO_CHECK;
		};
/* End PBXAggregateTarget section */

/* Begin PBXBuildFile section */
		26D2207E83444D97950B7ED6 /* LabicKinect.cpp in Sources */ = {isa = PBXBuildFile; fileRef = D553F0D1974D4A49B54A1C79 /* LabicKinect.cpp */; settings = {COMPILER_FLAGS = "-Wno-deprecated -Wno-invalid-offsetof -Qunused-arguments"; }; };
		2E45BA80B4224A01808E2510 /* LabicCV.cpp in Sources */ = {isa = PBXBuildFile; fileRef = BC86268B34C2447F8577A484 /* LabicCV.cpp */; settings = {COMPILER_FLAGS = "-Wno-deprecated -Wno-invalid-offsetof -Qunused-arguments"; }; };
		737C09D7B6BB4F61897744B8 /* LabicMatcher.cpp in Sources */ = {isa = PBXBuildFile; fileRef = CD302B0B7B9A4D6A83D1D8FA /* LabicMatcher.cpp */; settings = {COMPILER_FLAGS = "-Wno-deprecated -Wno-invalid-offsetof -Qunused-arguments"; }; };
		73F4153D1B4740C48D859134 /* main.cpp in Sources */ = {isa = PBXBuildFile; fileRef = 6201479D20694CA5A89E8A7B /* main.cpp */; settings = {COMPILER_FLAGS = "-Wno-deprecated -Wno-invalid-offsetof -Qunused-arguments"; }; };
		76689685DEFF4EB39CC4A1F7 /* LabicPCL.cpp in Sources */ = {isa = PBXBuildFile; fileRef = C7CD784740FB4BE29A6839A3 /* LabicPCL.cpp */; settings = {COMPILER_FLAGS = "-Wno-deprecated -Wno-invalid-offsetof -Qunused-arguments"; }; };
/* End PBXBuildFile section */

/* Begin PBXContainerItemProxy section */
		027C4607CDF6465E962CE67A /* PBXContainerItemProxy */ = {
			isa = PBXContainerItemProxy;
			containerPortal = 2A807D596D9D4EACA03811BA /* Project object */;
			proxyType = 1;
			remoteGlobalIDString = 97A7EF9B9F234EB1AA8A955D;
			remoteInfo = labickinect;
		};
		DCF314680328475DB3CC265F /* PBXContainerItemProxy */ = {
			isa = PBXContainerItemProxy;
			containerPortal = 2A807D596D9D4EACA03811BA /* Project object */;
			proxyType = 1;
			remoteGlobalIDString = F72380DF5B544A3CAAA5A836;
			remoteInfo = ZERO_CHECK;
		};
/* End PBXContainerItemProxy section */

/* Begin PBXFileReference section */
		04C859DAE6894B3DAFC75611 /* LabicPCL.h */ = {isa = PBXFileReference; fileEncoding = 4; lastKnownFileType = sourcecode.c.h; path = LabicPCL.h; sourceTree = SOURCE_ROOT; };
		4C92EEDDA57E41078F1FA225 /* LabicCV.h */ = {isa = PBXFileReference; fileEncoding = 4; lastKnownFileType = sourcecode.c.h; path = LabicCV.h; sourceTree = SOURCE_ROOT; };
		511B8D0E25CC40E1B18DC268 /* libfreenect.h */ = {isa = PBXFileReference; fileEncoding = 4; lastKnownFileType = sourcecode.c.h; path = libfreenect.h; sourceTree = SOURCE_ROOT; };
		6201479D20694CA5A89E8A7B /* main.cpp */ = {isa = PBXFileReference; fileEncoding = 4; lastKnownFileType = sourcecode.cpp.cpp; path = main.cpp; sourceTree = SOURCE_ROOT; };
		7E37ABC24C294650B5D134D4 /* CMakeLists.txt */ = {isa = PBXFileReference; fileEncoding = 4; lastKnownFileType = sourcecode.text; path = CMakeLists.txt; sourceTree = SOURCE_ROOT; };
		BC86268B34C2447F8577A484 /* LabicCV.cpp */ = {isa = PBXFileReference; fileEncoding = 4; lastKnownFileType = sourcecode.cpp.cpp; path = LabicCV.cpp; sourceTree = SOURCE_ROOT; };
		C7CD784740FB4BE29A6839A3 /* LabicPCL.cpp */ = {isa = PBXFileReference; fileEncoding = 4; lastKnownFileType = sourcecode.cpp.cpp; path = LabicPCL.cpp; sourceTree = SOURCE_ROOT; };
		CD302B0B7B9A4D6A83D1D8FA /* LabicMatcher.cpp */ = {isa = PBXFileReference; fileEncoding = 4; lastKnownFileType = sourcecode.cpp.cpp; path = LabicMatcher.cpp; sourceTree = SOURCE_ROOT; };
		D553F0D1974D4A49B54A1C79 /* LabicKinect.cpp */ = {isa = PBXFileReference; fileEncoding = 4; lastKnownFileType = sourcecode.cpp.cpp; path = LabicKinect.cpp; sourceTree = SOURCE_ROOT; };
		E3C3F49B56CD4453B5ABE3E0 /* LabicKinect.h */ = {isa = PBXFileReference; fileEncoding = 4; lastKnownFileType = sourcecode.c.h; path = LabicKinect.h; sourceTree = SOURCE_ROOT; };
		F0C0C2C70D644C66B6B38F59 /* LabicMatcher.h */ = {isa = PBXFileReference; fileEncoding = 4; lastKnownFileType = sourcecode.c.h; path = LabicMatcher.h; sourceTree = SOURCE_ROOT; };
		FE6FF9665BC04C519C9ABCD1 /* labickinect */ = {isa = PBXFileReference; explicitFileType = "compiled.mach-o.executable"; path = labickinect; sourceTree = BUILT_PRODUCTS_DIR; };
/* End PBXFileReference section */

/* Begin PBXGroup section */
		1539CFE75B3E44D28A698ED5 /* ALL_BUILD */ = {
			isa = PBXGroup;
			children = (
				D63F9101A8C64570968F676E /* CMake Rules */,
				7E37ABC24C294650B5D134D4 /* CMakeLists.txt */,
			);
			name = ALL_BUILD;
			sourceTree = "<group>";
		};
		3E9021E68F6A441CBAFAE42F /* CMake Rules */ = {
			isa = PBXGroup;
			children = (
			);
			name = "CMake Rules";
			sourceTree = "<group>";
		};
		4778FF11C60949A59FEA4294 /* Source Files */ = {
			isa = PBXGroup;
			children = (
				6201479D20694CA5A89E8A7B /* main.cpp */,
				D553F0D1974D4A49B54A1C79 /* LabicKinect.cpp */,
				BC86268B34C2447F8577A484 /* LabicCV.cpp */,
				CD302B0B7B9A4D6A83D1D8FA /* LabicMatcher.cpp */,
				C7CD784740FB4BE29A6839A3 /* LabicPCL.cpp */,
			);
			name = "Source Files";
			sourceTree = "<group>";
		};
		5F602DD492024C63BC91E0D2 /* Products */ = {
			isa = PBXGroup;
			children = (
				FE6FF9665BC04C519C9ABCD1 /* labickinect */,
			);
			name = Products;
			sourceTree = "<group>";
		};
		5FC3A0AF8A864AC4B6A6ABAA /* ZERO_CHECK */ = {
			isa = PBXGroup;
			children = (
				3E9021E68F6A441CBAFAE42F /* CMake Rules */,
				7E37ABC24C294650B5D134D4 /* CMakeLists.txt */,
			);
			name = ZERO_CHECK;
			sourceTree = "<group>";
		};
		6561706E24D34604B97B3245 /* Resources */ = {
			isa = PBXGroup;
			children = (
			);
			name = Resources;
			sourceTree = "<group>";
		};
		8304CCBA879B4109B7B9B4FB /* Sources */ = {
			isa = PBXGroup;
			children = (
				1539CFE75B3E44D28A698ED5 /* ALL_BUILD */,
				5FC3A0AF8A864AC4B6A6ABAA /* ZERO_CHECK */,
				E7BD630AE49E411B952EC9E3 /* labickinect */,
			);
			name = Sources;
			sourceTree = "<group>";
		};
		A97688D2553E44E29181C91A = {
			isa = PBXGroup;
			children = (
				8304CCBA879B4109B7B9B4FB /* Sources */,
				6561706E24D34604B97B3245 /* Resources */,
				5F602DD492024C63BC91E0D2 /* Products */,
			);
			sourceTree = "<group>";
		};
		D63F9101A8C64570968F676E /* CMake Rules */ = {
			isa = PBXGroup;
			children = (
			);
			name = "CMake Rules";
			sourceTree = "<group>";
		};
		D9FAAEE0F1A249089C245A0C /* Header Files */ = {
			isa = PBXGroup;
			children = (
				E3C3F49B56CD4453B5ABE3E0 /* LabicKinect.h */,
				4C92EEDDA57E41078F1FA225 /* LabicCV.h */,
				F0C0C2C70D644C66B6B38F59 /* LabicMatcher.h */,
				04C859DAE6894B3DAFC75611 /* LabicPCL.h */,
				511B8D0E25CC40E1B18DC268 /* libfreenect.h */,
			);
			name = "Header Files";
			sourceTree = "<group>";
		};
		E7BD630AE49E411B952EC9E3 /* labickinect */ = {
			isa = PBXGroup;
			children = (
				4778FF11C60949A59FEA4294 /* Source Files */,
				D9FAAEE0F1A249089C245A0C /* Header Files */,
				7E37ABC24C294650B5D134D4 /* CMakeLists.txt */,
			);
			name = labickinect;
			sourceTree = "<group>";
		};
/* End PBXGroup section */

/* Begin PBXNativeTarget section */
		97A7EF9B9F234EB1AA8A955D /* labickinect */ = {
			isa = PBXNativeTarget;
			buildConfigurationList = 1AE4F0F815134EA58FB04488 /* Build configuration list for PBXNativeTarget "labickinect" */;
			buildPhases = (
				700A29F8E84D4080BF716578 /* Sources */,
				38DF38A4599E40FA83B111E5 /* CMake PostBuild Rules */,
			);
			buildRules = (
			);
			dependencies = (
				A42FA777AC944E03A6E9D4B1 /* PBXTargetDependency */,
			);
			name = labickinect;
			productName = labickinect;
			productReference = FE6FF9665BC04C519C9ABCD1 /* labickinect */;
			productType = "com.apple.product-type.tool";
		};
/* End PBXNativeTarget section */

/* Begin PBXProject section */
		2A807D596D9D4EACA03811BA /* Project object */ = {
			isa = PBXProject;
			attributes = {
				BuildIndependentTargetsInParallel = YES;
				LastUpgradeCheck = 0460;
			};
			buildConfigurationList = 2F9A6441E7B24DBA880DE4A2 /* Build configuration list for PBXProject "LabicKinect" */;
			compatibilityVersion = "Xcode 3.2";
			developmentRegion = English;
			hasScannedForEncodings = 0;
			knownRegions = (
				en,
			);
			mainGroup = A97688D2553E44E29181C91A;
			projectDirPath = ..;
			projectRoot = "";
			targets = (
				6770AE1276DB4264BCACE2D1 /* ALL_BUILD */,
				F72380DF5B544A3CAAA5A836 /* ZERO_CHECK */,
				97A7EF9B9F234EB1AA8A955D /* labickinect */,
			);
		};
/* End PBXProject section */

/* Begin PBXShellScriptBuildPhase section */
		0B6A77B57F7240ED9DC8B2F7 /* CMake Rules */ = {
			isa = PBXShellScriptBuildPhase;
			buildActionMask = 2147483647;
			files = (
			);
			name = "CMake Rules";
			runOnlyForDeploymentPostprocessing = 0;
			shellPath = /bin/sh;
			shellScript = "make -C /Users/macecchi/Desktop/labickinect/xcode -f /Users/macecchi/Desktop/labickinect/xcode/CMakeScripts/ALL_BUILD_cmakeRulesBuildPhase.make$CONFIGURATION all";
			showEnvVarsInLog = 0;
		};
		38DF38A4599E40FA83B111E5 /* CMake PostBuild Rules */ = {
			isa = PBXShellScriptBuildPhase;
			buildActionMask = 2147483647;
			files = (
			);
			name = "CMake PostBuild Rules";
			runOnlyForDeploymentPostprocessing = 0;
			shellPath = /bin/sh;
			shellScript = "make -C /Users/macecchi/Desktop/labickinect/xcode -f /Users/macecchi/Desktop/labickinect/xcode/CMakeScripts/labickinect_postBuildPhase.make$CONFIGURATION all";
			showEnvVarsInLog = 0;
		};
		C44D56F592B24DFAA1F90CC4 /* CMake Rules */ = {
			isa = PBXShellScriptBuildPhase;
			buildActionMask = 2147483647;
			files = (
			);
			name = "CMake Rules";
			runOnlyForDeploymentPostprocessing = 0;
			shellPath = /bin/sh;
			shellScript = "make -C /Users/macecchi/Desktop/labickinect/xcode -f /Users/macecchi/Desktop/labickinect/xcode/CMakeScripts/ZERO_CHECK_cmakeRulesBuildPhase.make$CONFIGURATION all";
			showEnvVarsInLog = 0;
		};
/* End PBXShellScriptBuildPhase section */

/* Begin PBXSourcesBuildPhase section */
		700A29F8E84D4080BF716578 /* Sources */ = {
			isa = PBXSourcesBuildPhase;
			buildActionMask = 2147483647;
			files = (
				73F4153D1B4740C48D859134 /* main.cpp in Sources */,
				26D2207E83444D97950B7ED6 /* LabicKinect.cpp in Sources */,
				2E45BA80B4224A01808E2510 /* LabicCV.cpp in Sources */,
				737C09D7B6BB4F61897744B8 /* LabicMatcher.cpp in Sources */,
				76689685DEFF4EB39CC4A1F7 /* LabicPCL.cpp in Sources */,
			);
			runOnlyForDeploymentPostprocessing = 0;
		};
/* End PBXSourcesBuildPhase section */

/* Begin PBXTargetDependency section */
		A42FA777AC944E03A6E9D4B1 /* PBXTargetDependency */ = {
			isa = PBXTargetDependency;
			target = F72380DF5B544A3CAAA5A836 /* ZERO_CHECK */;
			targetProxy = DCF314680328475DB3CC265F /* PBXContainerItemProxy */;
		};
		D5CB56D46286493890EFFEAB /* PBXTargetDependency */ = {
			isa = PBXTargetDependency;
			target = 97A7EF9B9F234EB1AA8A955D /* labickinect */;
			targetProxy = 027C4607CDF6465E962CE67A /* PBXContainerItemProxy */;
		};
/* End PBXTargetDependency section */

/* Begin XCBuildConfiguration section */
		025BEBFA72F648F4A2619306 /* Release */ = {
			isa = XCBuildConfiguration;
			buildSettings = {
				COMBINE_HIDPI_IMAGES = YES;
				GCC_GENERATE_DEBUGGING_SYMBOLS = NO;
				GCC_INLINES_ARE_PRIVATE_EXTERN = NO;
				GCC_OPTIMIZATION_LEVEL = 0;
				GCC_PREPROCESSOR_DEFINITIONS = (
					"'CMAKE_INTDIR=\"$(CONFIGURATION)$(EFFECTIVE_PLATFORM_NAME)\"'",
					EIGEN_USE_NEW_STDVECTOR,
					EIGEN_YES_I_KNOW_SPARSE_MODULE_IS_NOT_STABLE_YET,
					FLANN_STATIC,
					qh_QHpointer,
				);
				GCC_SYMBOLS_PRIVATE_EXTERN = NO;
				HEADER_SEARCH_PATHS = (
					"/opt/local/include/vtk-5.10",
					/usr/local/include/opencv,
					/usr/local/include,
					"/usr/local/include/pcl-1.6",
					/opt/local/include/eigen3,
					/opt/local/include,
					/usr/include/ni,
					/usr/local/include/qhull,
				);
				INSTALL_PATH = "";
				OTHER_CFLAGS = (
					"-msse4.1",
					"-mfpmath=sse",
				);
				OTHER_LDFLAGS = "";
				OTHER_REZFLAGS = "";
				PRODUCT_NAME = ZERO_CHECK;
				SECTORDER_FLAGS = "";
				SYMROOT = /Users/macecchi/Desktop/labickinect/xcode;
				USE_HEADERMAP = NO;
				WARNING_CFLAGS = (
					"-Wmost",
					"-Wno-four-char-constants",
					"-Wno-unknown-pragmas",
				);
			};
			name = Release;
		};
		220E430CC9D24A8B8419E730 /* RelWithDebInfo */ = {
			isa = XCBuildConfiguration;
			buildSettings = {
				EXECUTABLE_PREFIX = "";
				EXECUTABLE_SUFFIX = "";
				GCC_GENERATE_DEBUGGING_SYMBOLS = YES;
				GCC_INLINES_ARE_PRIVATE_EXTERN = NO;
				GCC_OPTIMIZATION_LEVEL = 2;
				GCC_PREPROCESSOR_DEFINITIONS = (
					"'CMAKE_INTDIR=\"$(CONFIGURATION)$(EFFECTIVE_PLATFORM_NAME)\"'",
					EIGEN_USE_NEW_STDVECTOR,
					EIGEN_YES_I_KNOW_SPARSE_MODULE_IS_NOT_STABLE_YET,
					FLANN_STATIC,
					qh_QHpointer,
				);
				GCC_SYMBOLS_PRIVATE_EXTERN = NO;
				HEADER_SEARCH_PATHS = (
					"/opt/local/include/vtk-5.10",
					/usr/local/include/opencv,
					/usr/local/include,
					"/usr/local/include/pcl-1.6",
					/opt/local/include/eigen3,
					/opt/local/include,
					/usr/include/ni,
					/usr/local/include/qhull,
				);
				INSTALL_PATH = "";
				LIBRARY_SEARCH_PATHS = (
					"/usr/local/lib/$(CONFIGURATION)$(EFFECTIVE_PLATFORM_NAME)",
					/usr/local/lib,
				);
				OTHER_CFLAGS = (
					"-msse4.1",
					"-mfpmath=sse",
				);
				OTHER_CPLUSPLUSFLAGS = (
					"-msse4.1",
					"-mfpmath=sse",
				);
				OTHER_LDFLAGS = (
					"-framework",
					OpenGL,
					"-framework",
					GLUT,
					"-Wl,-search_paths_first",
					"-Wl,-headerpad_max_install_names",
					"/opt/local/lib/libboost_system-mt.dylib",
					"/opt/local/lib/libboost_filesystem-mt.dylib",
					"/opt/local/lib/libboost_thread-mt.dylib",
					"/opt/local/lib/libboost_date_time-mt.dylib",
					"/opt/local/lib/libboost_iostreams-mt.dylib",
					/usr/local/lib/libpcl_common.dylib,
					/usr/local/lib/libpcl_octree.dylib,
					/usr/lib/libOpenNI.dylib,
					"/opt/local/lib/vtk-5.10/libvtkCommon.5.10.0.dylib",
					"/opt/local/lib/vtk-5.10/libvtkRendering.5.10.0.dylib",
					"/opt/local/lib/vtk-5.10/libvtkHybrid.5.10.0.dylib",
					/usr/local/lib/libpcl_io.dylib,
					/opt/local/lib/libflann_cpp_s.a,
					/usr/local/lib/libpcl_kdtree.dylib,
					/usr/local/lib/libpcl_search.dylib,
					/usr/local/lib/libpcl_sample_consensus.dylib,
					/usr/local/lib/libpcl_filters.dylib,
					/usr/local/lib/libpcl_segmentation.dylib,
					/usr/local/lib/libpcl_visualization.dylib,
					/usr/local/lib/libpcl_features.dylib,
					/usr/local/lib/libqhull.dylib,
					/usr/local/lib/libpcl_surface.dylib,
					/usr/local/lib/libpcl_registration.dylib,
					/usr/local/lib/libpcl_keypoints.dylib,
					/usr/local/lib/libpcl_tracking.dylib,
					/usr/local/lib/libpcl_apps.dylib,
					/usr/local/lib/libopencv_calib3d.dylib,
					/usr/local/lib/libopencv_contrib.dylib,
					/usr/local/lib/libopencv_core.dylib,
					/usr/local/lib/libopencv_features2d.dylib,
					/usr/local/lib/libopencv_flann.dylib,
					/usr/local/lib/libopencv_gpu.dylib,
					/usr/local/lib/libopencv_highgui.dylib,
					/usr/local/lib/libopencv_imgproc.dylib,
					/usr/local/lib/libopencv_legacy.dylib,
					/usr/local/lib/libopencv_ml.dylib,
					/usr/local/lib/libopencv_nonfree.dylib,
					/usr/local/lib/libopencv_objdetect.dylib,
					/usr/local/lib/libopencv_photo.dylib,
					/usr/local/lib/libopencv_stitching.dylib,
					/usr/local/lib/libopencv_ts.dylib,
					/usr/local/lib/libopencv_video.dylib,
					/usr/local/lib/libopencv_videostab.dylib,
					"-lfreenect",
					"/opt/local/lib/vtk-5.10/libvtkRendering.5.10.0.dylib",
					"/opt/local/lib/vtk-5.10/libvtkGraphics.5.10.0.dylib",
					"/opt/local/lib/vtk-5.10/libvtkImaging.5.10.0.dylib",
					/opt/local/lib/libQtGui.dylib,
					/opt/local/lib/libQtSql.dylib,
					/opt/local/lib/libQtCore.dylib,
					"-lobjc",
					"/opt/local/lib/vtk-5.10/libvtkIO.5.10.0.dylib",
					"/opt/local/lib/vtk-5.10/libvtkFiltering.5.10.0.dylib",
					"/opt/local/lib/vtk-5.10/libvtkCommon.5.10.0.dylib",
					"/opt/local/lib/vtk-5.10/libvtksys.5.10.0.dylib",
					"-lm",
				);
				OTHER_REZFLAGS = "";
				PRODUCT_NAME = labickinect;
				SECTORDER_FLAGS = "";
				SYMROOT = /Users/macecchi/Desktop/labickinect/xcode;
				USE_HEADERMAP = NO;
				WARNING_CFLAGS = (
					"-Wmost",
					"-Wno-four-char-constants",
					"-Wno-unknown-pragmas",
				);
			};
			name = RelWithDebInfo;
		};
		3BE56B5517A84771851232D9 /* Release */ = {
			isa = XCBuildConfiguration;
			buildSettings = {
				EXECUTABLE_PREFIX = "";
				EXECUTABLE_SUFFIX = "";
				GCC_GENERATE_DEBUGGING_SYMBOLS = NO;
				GCC_INLINES_ARE_PRIVATE_EXTERN = NO;
				GCC_OPTIMIZATION_LEVEL = 3;
				GCC_PREPROCESSOR_DEFINITIONS = (
					"'CMAKE_INTDIR=\"$(CONFIGURATION)$(EFFECTIVE_PLATFORM_NAME)\"'",
					EIGEN_USE_NEW_STDVECTOR,
					EIGEN_YES_I_KNOW_SPARSE_MODULE_IS_NOT_STABLE_YET,
					FLANN_STATIC,
					qh_QHpointer,
				);
				GCC_SYMBOLS_PRIVATE_EXTERN = NO;
				HEADER_SEARCH_PATHS = (
					"/opt/local/include/vtk-5.10",
					/usr/local/include/opencv,
					/usr/local/include,
					"/usr/local/include/pcl-1.6",
					/opt/local/include/eigen3,
					/opt/local/include,
					/usr/include/ni,
					/usr/local/include/qhull,
				);
				INSTALL_PATH = "";
				LIBRARY_SEARCH_PATHS = (
					"/usr/local/lib/$(CONFIGURATION)$(EFFECTIVE_PLATFORM_NAME)",
					/usr/local/lib,
				);
				OTHER_CFLAGS = (
					"-DNDEBUG",
					"-msse4.1",
					"-mfpmath=sse",
				);
				OTHER_CPLUSPLUSFLAGS = (
					"-DNDEBUG",
					"-msse4.1",
					"-mfpmath=sse",
				);
				OTHER_LDFLAGS = (
					"-framework",
					OpenGL,
					"-framework",
					GLUT,
					"-Wl,-search_paths_first",
					"-Wl,-headerpad_max_install_names",
					"/opt/local/lib/libboost_system-mt.dylib",
					"/opt/local/lib/libboost_filesystem-mt.dylib",
					"/opt/local/lib/libboost_thread-mt.dylib",
					"/opt/local/lib/libboost_date_time-mt.dylib",
					"/opt/local/lib/libboost_iostreams-mt.dylib",
					/usr/local/lib/libpcl_common.dylib,
					/usr/local/lib/libpcl_octree.dylib,
					/usr/lib/libOpenNI.dylib,
					"/opt/local/lib/vtk-5.10/libvtkCommon.5.10.0.dylib",
					"/opt/local/lib/vtk-5.10/libvtkRendering.5.10.0.dylib",
					"/opt/local/lib/vtk-5.10/libvtkHybrid.5.10.0.dylib",
					/usr/local/lib/libpcl_io.dylib,
					/opt/local/lib/libflann_cpp_s.a,
					/usr/local/lib/libpcl_kdtree.dylib,
					/usr/local/lib/libpcl_search.dylib,
					/usr/local/lib/libpcl_sample_consensus.dylib,
					/usr/local/lib/libpcl_filters.dylib,
					/usr/local/lib/libpcl_segmentation.dylib,
					/usr/local/lib/libpcl_visualization.dylib,
					/usr/local/lib/libpcl_features.dylib,
					/usr/local/lib/libqhull.dylib,
					/usr/local/lib/libpcl_surface.dylib,
					/usr/local/lib/libpcl_registration.dylib,
					/usr/local/lib/libpcl_keypoints.dylib,
					/usr/local/lib/libpcl_tracking.dylib,
					/usr/local/lib/libpcl_apps.dylib,
					/usr/local/lib/libopencv_calib3d.dylib,
					/usr/local/lib/libopencv_contrib.dylib,
					/usr/local/lib/libopencv_core.dylib,
					/usr/local/lib/libopencv_features2d.dylib,
					/usr/local/lib/libopencv_flann.dylib,
					/usr/local/lib/libopencv_gpu.dylib,
					/usr/local/lib/libopencv_highgui.dylib,
					/usr/local/lib/libopencv_imgproc.dylib,
					/usr/local/lib/libopencv_legacy.dylib,
					/usr/local/lib/libopencv_ml.dylib,
					/usr/local/lib/libopencv_nonfree.dylib,
					/usr/local/lib/libopencv_objdetect.dylib,
					/usr/local/lib/libopencv_photo.dylib,
					/usr/local/lib/libopencv_stitching.dylib,
					/usr/local/lib/libopencv_ts.dylib,
					/usr/local/lib/libopencv_video.dylib,
					/usr/local/lib/libopencv_videostab.dylib,
					"-lfreenect",
					"/opt/local/lib/vtk-5.10/libvtkRendering.5.10.0.dylib",
					"/opt/local/lib/vtk-5.10/libvtkGraphics.5.10.0.dylib",
					"/opt/local/lib/vtk-5.10/libvtkImaging.5.10.0.dylib",
					/opt/local/lib/libQtGui.dylib,
					/opt/local/lib/libQtSql.dylib,
					/opt/local/lib/libQtCore.dylib,
					"-lobjc",
					"/opt/local/lib/vtk-5.10/libvtkIO.5.10.0.dylib",
					"/opt/local/lib/vtk-5.10/libvtkFiltering.5.10.0.dylib",
					"/opt/local/lib/vtk-5.10/libvtkCommon.5.10.0.dylib",
					"/opt/local/lib/vtk-5.10/libvtksys.5.10.0.dylib",
					"-lm",
				);
				OTHER_REZFLAGS = "";
				PRODUCT_NAME = labickinect;
				SECTORDER_FLAGS = "";
				SYMROOT = /Users/macecchi/Desktop/labickinect/xcode;
				USE_HEADERMAP = NO;
				WARNING_CFLAGS = (
					"-Wmost",
					"-Wno-four-char-constants",
					"-Wno-unknown-pragmas",
				);
			};
			name = Release;
		};
		3E9E5515AEF441F48D359E8A /* MinSizeRel */ = {
			isa = XCBuildConfiguration;
			buildSettings = {
				ARCHS = "$(ARCHS_STANDARD_32_64_BIT)";
				ONLY_ACTIVE_ARCH = YES;
				SDKROOT = /Applications/Xcode.app/Contents/Developer/Platforms/MacOSX.platform/Developer/SDKs/MacOSX10.8.sdk;
				SYMROOT = /Users/macecchi/Desktop/labickinect/xcode/build;
			};
			name = MinSizeRel;
		};
		5460FB169DD8449287C3F00D /* Debug */ = {
			isa = XCBuildConfiguration;
			buildSettings = {
				EXECUTABLE_PREFIX = "";
				EXECUTABLE_SUFFIX = "";
				GCC_GENERATE_DEBUGGING_SYMBOLS = YES;
				GCC_INLINES_ARE_PRIVATE_EXTERN = NO;
				GCC_OPTIMIZATION_LEVEL = 0;
				GCC_PREPROCESSOR_DEFINITIONS = (
					"'CMAKE_INTDIR=\"$(CONFIGURATION)$(EFFECTIVE_PLATFORM_NAME)\"'",
					EIGEN_USE_NEW_STDVECTOR,
					EIGEN_YES_I_KNOW_SPARSE_MODULE_IS_NOT_STABLE_YET,
					FLANN_STATIC,
					qh_QHpointer,
				);
				GCC_SYMBOLS_PRIVATE_EXTERN = NO;
				HEADER_SEARCH_PATHS = (
					"/opt/local/include/vtk-5.10",
					/usr/local/include/opencv,
					/usr/local/include,
					"/usr/local/include/pcl-1.6",
					/opt/local/include/eigen3,
					/opt/local/include,
					/usr/include/ni,
					/usr/local/include/qhull,
				);
				INSTALL_PATH = "";
				LIBRARY_SEARCH_PATHS = (
					"/usr/local/lib/$(CONFIGURATION)$(EFFECTIVE_PLATFORM_NAME)",
					/usr/local/lib,
				);
				OTHER_CFLAGS = (
					"-msse4.1",
					"-mfpmath=sse",
				);
				OTHER_CPLUSPLUSFLAGS = (
					"-msse4.1",
					"-mfpmath=sse",
				);
				OTHER_LDFLAGS = (
					"-framework",
					OpenGL,
					"-framework",
					GLUT,
					"-Wl,-search_paths_first",
					"-Wl,-headerpad_max_install_names",
					"/opt/local/lib/libboost_system-mt.dylib",
					"/opt/local/lib/libboost_filesystem-mt.dylib",
					"/opt/local/lib/libboost_thread-mt.dylib",
					"/opt/local/lib/libboost_date_time-mt.dylib",
					"/opt/local/lib/libboost_iostreams-mt.dylib",
					/usr/local/lib/libpcl_common.dylib,
					/usr/local/lib/libpcl_octree.dylib,
					/usr/lib/libOpenNI.dylib,
					"/opt/local/lib/vtk-5.10/libvtkCommon.5.10.0.dylib",
					"/opt/local/lib/vtk-5.10/libvtkRendering.5.10.0.dylib",
					"/opt/local/lib/vtk-5.10/libvtkHybrid.5.10.0.dylib",
					/usr/local/lib/libpcl_io.dylib,
					"/opt/local/lib/libflann_cpp_s-gd.a",
					/usr/local/lib/libpcl_kdtree.dylib,
					/usr/local/lib/libpcl_search.dylib,
					/usr/local/lib/libpcl_sample_consensus.dylib,
					/usr/local/lib/libpcl_filters.dylib,
					/usr/local/lib/libpcl_segmentation.dylib,
					/usr/local/lib/libpcl_visualization.dylib,
					/usr/local/lib/libpcl_features.dylib,
					/usr/local/lib/libqhull.dylib,
					/usr/local/lib/libpcl_surface.dylib,
					/usr/local/lib/libpcl_registration.dylib,
					/usr/local/lib/libpcl_keypoints.dylib,
					/usr/local/lib/libpcl_tracking.dylib,
					/usr/local/lib/libpcl_apps.dylib,
					/usr/local/lib/libopencv_calib3d.dylib,
					/usr/local/lib/libopencv_contrib.dylib,
					/usr/local/lib/libopencv_core.dylib,
					/usr/local/lib/libopencv_features2d.dylib,
					/usr/local/lib/libopencv_flann.dylib,
					/usr/local/lib/libopencv_gpu.dylib,
					/usr/local/lib/libopencv_highgui.dylib,
					/usr/local/lib/libopencv_imgproc.dylib,
					/usr/local/lib/libopencv_legacy.dylib,
					/usr/local/lib/libopencv_ml.dylib,
					/usr/local/lib/libopencv_nonfree.dylib,
					/usr/local/lib/libopencv_objdetect.dylib,
					/usr/local/lib/libopencv_photo.dylib,
					/usr/local/lib/libopencv_stitching.dylib,
					/usr/local/lib/libopencv_ts.dylib,
					/usr/local/lib/libopencv_video.dylib,
					/usr/local/lib/libopencv_videostab.dylib,
					"-lfreenect",
					"/opt/local/lib/vtk-5.10/libvtkRendering.5.10.0.dylib",
					"/opt/local/lib/vtk-5.10/libvtkGraphics.5.10.0.dylib",
					"/opt/local/lib/vtk-5.10/libvtkImaging.5.10.0.dylib",
					/opt/local/lib/libQtGui.dylib,
					/opt/local/lib/libQtSql.dylib,
					/opt/local/lib/libQtCore.dylib,
					"-lobjc",
					"/opt/local/lib/vtk-5.10/libvtkIO.5.10.0.dylib",
					"/opt/local/lib/vtk-5.10/libvtkFiltering.5.10.0.dylib",
					"/opt/local/lib/vtk-5.10/libvtkCommon.5.10.0.dylib",
					"/opt/local/lib/vtk-5.10/libvtksys.5.10.0.dylib",
					"-lm",
				);
				OTHER_REZFLAGS = "";
				PRODUCT_NAME = labickinect;
				SECTORDER_FLAGS = "";
				SYMROOT = /Users/macecchi/Desktop/labickinect/xcode;
				USE_HEADERMAP = NO;
				WARNING_CFLAGS = (
					"-Wmost",
					"-Wno-four-char-constants",
					"-Wno-unknown-pragmas",
				);
			};
			name = Debug;
		};
		7E8347D85D354C6B9F86E5C3 /* MinSizeRel */ = {
			isa = XCBuildConfiguration;
			buildSettings = {
				COMBINE_HIDPI_IMAGES = YES;
				GCC_GENERATE_DEBUGGING_SYMBOLS = NO;
				GCC_INLINES_ARE_PRIVATE_EXTERN = NO;
				GCC_OPTIMIZATION_LEVEL = 0;
				GCC_PREPROCESSOR_DEFINITIONS = (
					"'CMAKE_INTDIR=\"$(CONFIGURATION)$(EFFECTIVE_PLATFORM_NAME)\"'",
					EIGEN_USE_NEW_STDVECTOR,
					EIGEN_YES_I_KNOW_SPARSE_MODULE_IS_NOT_STABLE_YET,
					FLANN_STATIC,
					qh_QHpointer,
				);
				GCC_SYMBOLS_PRIVATE_EXTERN = NO;
				HEADER_SEARCH_PATHS = (
					"/opt/local/include/vtk-5.10",
					/usr/local/include/opencv,
					/usr/local/include,
					"/usr/local/include/pcl-1.6",
					/opt/local/include/eigen3,
					/opt/local/include,
					/usr/include/ni,
					/usr/local/include/qhull,
				);
				INSTALL_PATH = "";
				OTHER_CFLAGS = (
					"-msse4.1",
					"-mfpmath=sse",
				);
				OTHER_LDFLAGS = "";
				OTHER_REZFLAGS = "";
				PRODUCT_NAME = ALL_BUILD;
				SECTORDER_FLAGS = "";
				SYMROOT = /Users/macecchi/Desktop/labickinect/xcode;
				USE_HEADERMAP = NO;
				WARNING_CFLAGS = (
					"-Wmost",
					"-Wno-four-char-constants",
					"-Wno-unknown-pragmas",
				);
			};
			name = MinSizeRel;
		};
		83D714466DD4473BAF9EAA9A /* RelWithDebInfo */ = {
			isa = XCBuildConfiguration;
			buildSettings = {
				COMBINE_HIDPI_IMAGES = YES;
				GCC_GENERATE_DEBUGGING_SYMBOLS = NO;
				GCC_INLINES_ARE_PRIVATE_EXTERN = NO;
				GCC_OPTIMIZATION_LEVEL = 0;
				GCC_PREPROCESSOR_DEFINITIONS = (
					"'CMAKE_INTDIR=\"$(CONFIGURATION)$(EFFECTIVE_PLATFORM_NAME)\"'",
					EIGEN_USE_NEW_STDVECTOR,
					EIGEN_YES_I_KNOW_SPARSE_MODULE_IS_NOT_STABLE_YET,
					FLANN_STATIC,
					qh_QHpointer,
				);
				GCC_SYMBOLS_PRIVATE_EXTERN = NO;
				HEADER_SEARCH_PATHS = (
					"/opt/local/include/vtk-5.10",
					/usr/local/include/opencv,
					/usr/local/include,
					"/usr/local/include/pcl-1.6",
					/opt/local/include/eigen3,
					/opt/local/include,
					/usr/include/ni,
					/usr/local/include/qhull,
				);
				INSTALL_PATH = "";
				OTHER_CFLAGS = (
					"-msse4.1",
					"-mfpmath=sse",
				);
				OTHER_LDFLAGS = "";
				OTHER_REZFLAGS = "";
				PRODUCT_NAME = ZERO_CHECK;
				SECTORDER_FLAGS = "";
				SYMROOT = /Users/macecchi/Desktop/labickinect/xcode;
				USE_HEADERMAP = NO;
				WARNING_CFLAGS = (
					"-Wmost",
					"-Wno-four-char-constants",
					"-Wno-unknown-pragmas",
				);
			};
			name = RelWithDebInfo;
		};
		957C39B49A2E4CFF931ED3EF /* RelWithDebInfo */ = {
			isa = XCBuildConfiguration;
			buildSettings = {
				COMBINE_HIDPI_IMAGES = YES;
				GCC_GENERATE_DEBUGGING_SYMBOLS = NO;
				GCC_INLINES_ARE_PRIVATE_EXTERN = NO;
				GCC_OPTIMIZATION_LEVEL = 0;
				GCC_PREPROCESSOR_DEFINITIONS = (
					"'CMAKE_INTDIR=\"$(CONFIGURATION)$(EFFECTIVE_PLATFORM_NAME)\"'",
					EIGEN_USE_NEW_STDVECTOR,
					EIGEN_YES_I_KNOW_SPARSE_MODULE_IS_NOT_STABLE_YET,
					FLANN_STATIC,
					qh_QHpointer,
				);
				GCC_SYMBOLS_PRIVATE_EXTERN = NO;
				HEADER_SEARCH_PATHS = (
					"/opt/local/include/vtk-5.10",
					/usr/local/include/opencv,
					/usr/local/include,
					"/usr/local/include/pcl-1.6",
					/opt/local/include/eigen3,
					/opt/local/include,
					/usr/include/ni,
					/usr/local/include/qhull,
				);
				INSTALL_PATH = "";
				OTHER_CFLAGS = (
					"-msse4.1",
					"-mfpmath=sse",
				);
				OTHER_LDFLAGS = "";
				OTHER_REZFLAGS = "";
				PRODUCT_NAME = ALL_BUILD;
				SECTORDER_FLAGS = "";
				SYMROOT = /Users/macecchi/Desktop/labickinect/xcode;
				USE_HEADERMAP = NO;
				WARNING_CFLAGS = (
					"-Wmost",
					"-Wno-four-char-constants",
					"-Wno-unknown-pragmas",
				);
			};
			name = RelWithDebInfo;
		};
		9F778D02647D4D81A3C635BA /* Debug */ = {
			isa = XCBuildConfiguration;
			buildSettings = {
				ARCHS = "$(ARCHS_STANDARD_32_64_BIT)";
				ONLY_ACTIVE_ARCH = YES;
				SDKROOT = /Applications/Xcode.app/Contents/Developer/Platforms/MacOSX.platform/Developer/SDKs/MacOSX10.8.sdk;
				SYMROOT = /Users/macecchi/Desktop/labickinect/xcode/build;
			};
			name = Debug;
		};
		AE2AAE5873CB400A807C712E /* Debug */ = {
			isa = XCBuildConfiguration;
			buildSettings = {
				COMBINE_HIDPI_IMAGES = YES;
				GCC_GENERATE_DEBUGGING_SYMBOLS = NO;
				GCC_INLINES_ARE_PRIVATE_EXTERN = NO;
				GCC_OPTIMIZATION_LEVEL = 0;
				GCC_PREPROCESSOR_DEFINITIONS = (
					"'CMAKE_INTDIR=\"$(CONFIGURATION)$(EFFECTIVE_PLATFORM_NAME)\"'",
					EIGEN_USE_NEW_STDVECTOR,
					EIGEN_YES_I_KNOW_SPARSE_MODULE_IS_NOT_STABLE_YET,
					FLANN_STATIC,
					qh_QHpointer,
				);
				GCC_SYMBOLS_PRIVATE_EXTERN = NO;
				HEADER_SEARCH_PATHS = (
					"/opt/local/include/vtk-5.10",
					/usr/local/include/opencv,
					/usr/local/include,
					"/usr/local/include/pcl-1.6",
					/opt/local/include/eigen3,
					/opt/local/include,
					/usr/include/ni,
					/usr/local/include/qhull,
				);
				INSTALL_PATH = "";
				OTHER_CFLAGS = (
					"-msse4.1",
					"-mfpmath=sse",
				);
				OTHER_LDFLAGS = "";
				OTHER_REZFLAGS = "";
				PRODUCT_NAME = ZERO_CHECK;
				SECTORDER_FLAGS = "";
				SYMROOT = /Users/macecchi/Desktop/labickinect/xcode;
				USE_HEADERMAP = NO;
				WARNING_CFLAGS = (
					"-Wmost",
					"-Wno-four-char-constants",
					"-Wno-unknown-pragmas",
				);
			};
			name = Debug;
		};
		B19137B10B6C46C68DF23618 /* RelWithDebInfo */ = {
			isa = XCBuildConfiguration;
			buildSettings = {
				ARCHS = "$(ARCHS_STANDARD_32_64_BIT)";
				ONLY_ACTIVE_ARCH = YES;
				SDKROOT = /Applications/Xcode.app/Contents/Developer/Platforms/MacOSX.platform/Developer/SDKs/MacOSX10.8.sdk;
				SYMROOT = /Users/macecchi/Desktop/labickinect/xcode/build;
			};
			name = RelWithDebInfo;
		};
		E016AA128FF448219D9B9B52 /* Release */ = {
			isa = XCBuildConfiguration;
			buildSettings = {
				ARCHS = "$(ARCHS_STANDARD_32_64_BIT)";
				ONLY_ACTIVE_ARCH = YES;
				SDKROOT = /Applications/Xcode.app/Contents/Developer/Platforms/MacOSX.platform/Developer/SDKs/MacOSX10.8.sdk;
				SYMROOT = /Users/macecchi/Desktop/labickinect/xcode/build;
			};
			name = Release;
		};
		ECF74F88046B46C798FAB2C7 /* Release */ = {
			isa = XCBuildConfiguration;
			buildSettings = {
				COMBINE_HIDPI_IMAGES = YES;
				GCC_GENERATE_DEBUGGING_SYMBOLS = NO;
				GCC_INLINES_ARE_PRIVATE_EXTERN = NO;
				GCC_OPTIMIZATION_LEVEL = 0;
				GCC_PREPROCESSOR_DEFINITIONS = (
					"'CMAKE_INTDIR=\"$(CONFIGURATION)$(EFFECTIVE_PLATFORM_NAME)\"'",
					EIGEN_USE_NEW_STDVECTOR,
					EIGEN_YES_I_KNOW_SPARSE_MODULE_IS_NOT_STABLE_YET,
					FLANN_STATIC,
					qh_QHpointer,
				);
				GCC_SYMBOLS_PRIVATE_EXTERN = NO;
				HEADER_SEARCH_PATHS = (
					"/opt/local/include/vtk-5.10",
					/usr/local/include/opencv,
					/usr/local/include,
					"/usr/local/include/pcl-1.6",
					/opt/local/include/eigen3,
					/opt/local/include,
					/usr/include/ni,
					/usr/local/include/qhull,
				);
				INSTALL_PATH = "";
				OTHER_CFLAGS = (
					"-msse4.1",
					"-mfpmath=sse",
				);
				OTHER_LDFLAGS = "";
				OTHER_REZFLAGS = "";
				PRODUCT_NAME = ALL_BUILD;
				SECTORDER_FLAGS = "";
				SYMROOT = /Users/macecchi/Desktop/labickinect/xcode;
				USE_HEADERMAP = NO;
				WARNING_CFLAGS = (
					"-Wmost",
					"-Wno-four-char-constants",
					"-Wno-unknown-pragmas",
				);
			};
			name = Release;
		};
		EFE65E01D37347C794A99164 /* MinSizeRel */ = {
			isa = XCBuildConfiguration;
			buildSettings = {
				EXECUTABLE_PREFIX = "";
				EXECUTABLE_SUFFIX = "";
				GCC_GENERATE_DEBUGGING_SYMBOLS = NO;
				GCC_INLINES_ARE_PRIVATE_EXTERN = NO;
				GCC_OPTIMIZATION_LEVEL = s;
				GCC_PREPROCESSOR_DEFINITIONS = (
					"'CMAKE_INTDIR=\"$(CONFIGURATION)$(EFFECTIVE_PLATFORM_NAME)\"'",
					EIGEN_USE_NEW_STDVECTOR,
					EIGEN_YES_I_KNOW_SPARSE_MODULE_IS_NOT_STABLE_YET,
					FLANN_STATIC,
					qh_QHpointer,
				);
				GCC_SYMBOLS_PRIVATE_EXTERN = NO;
				HEADER_SEARCH_PATHS = (
					"/opt/local/include/vtk-5.10",
					/usr/local/include/opencv,
					/usr/local/include,
					"/usr/local/include/pcl-1.6",
					/opt/local/include/eigen3,
					/opt/local/include,
					/usr/include/ni,
					/usr/local/include/qhull,
				);
				INSTALL_PATH = "";
				LIBRARY_SEARCH_PATHS = (
					"/usr/local/lib/$(CONFIGURATION)$(EFFECTIVE_PLATFORM_NAME)",
					/usr/local/lib,
				);
				OTHER_CFLAGS = (
					"-DNDEBUG",
					"-msse4.1",
					"-mfpmath=sse",
				);
				OTHER_CPLUSPLUSFLAGS = (
					"-DNDEBUG",
					"-msse4.1",
					"-mfpmath=sse",
				);
				OTHER_LDFLAGS = (
					"-framework",
					OpenGL,
					"-framework",
					GLUT,
					"-Wl,-search_paths_first",
					"-Wl,-headerpad_max_install_names",
					"/opt/local/lib/libboost_system-mt.dylib",
					"/opt/local/lib/libboost_filesystem-mt.dylib",
					"/opt/local/lib/libboost_thread-mt.dylib",
					"/opt/local/lib/libboost_date_time-mt.dylib",
					"/opt/local/lib/libboost_iostreams-mt.dylib",
					/usr/local/lib/libpcl_common.dylib,
					/usr/local/lib/libpcl_octree.dylib,
					/usr/lib/libOpenNI.dylib,
					"/opt/local/lib/vtk-5.10/libvtkCommon.5.10.0.dylib",
					"/opt/local/lib/vtk-5.10/libvtkRendering.5.10.0.dylib",
					"/opt/local/lib/vtk-5.10/libvtkHybrid.5.10.0.dylib",
					/usr/local/lib/libpcl_io.dylib,
					/opt/local/lib/libflann_cpp_s.a,
					/usr/local/lib/libpcl_kdtree.dylib,
					/usr/local/lib/libpcl_search.dylib,
					/usr/local/lib/libpcl_sample_consensus.dylib,
					/usr/local/lib/libpcl_filters.dylib,
					/usr/local/lib/libpcl_segmentation.dylib,
					/usr/local/lib/libpcl_visualization.dylib,
					/usr/local/lib/libpcl_features.dylib,
					/usr/local/lib/libqhull.dylib,
					/usr/local/lib/libpcl_surface.dylib,
					/usr/local/lib/libpcl_registration.dylib,
					/usr/local/lib/libpcl_keypoints.dylib,
					/usr/local/lib/libpcl_tracking.dylib,
					/usr/local/lib/libpcl_apps.dylib,
					/usr/local/lib/libopencv_calib3d.dylib,
					/usr/local/lib/libopencv_contrib.dylib,
					/usr/local/lib/libopencv_core.dylib,
					/usr/local/lib/libopencv_features2d.dylib,
					/usr/local/lib/libopencv_flann.dylib,
					/usr/local/lib/libopencv_gpu.dylib,
					/usr/local/lib/libopencv_highgui.dylib,
					/usr/local/lib/libopencv_imgproc.dylib,
					/usr/local/lib/libopencv_legacy.dylib,
					/usr/local/lib/libopencv_ml.dylib,
					/usr/local/lib/libopencv_nonfree.dylib,
					/usr/local/lib/libopencv_objdetect.dylib,
					/usr/local/lib/libopencv_photo.dylib,
					/usr/local/lib/libopencv_stitching.dylib,
					/usr/local/lib/libopencv_ts.dylib,
					/usr/local/lib/libopencv_video.dylib,
					/usr/local/lib/libopencv_videostab.dylib,
					"-lfreenect",
					"/opt/local/lib/vtk-5.10/libvtkRendering.5.10.0.dylib",
					"/opt/local/lib/vtk-5.10/libvtkGraphics.5.10.0.dylib",
					"/opt/local/lib/vtk-5.10/libvtkImaging.5.10.0.dylib",
					/opt/local/lib/libQtGui.dylib,
					/opt/local/lib/libQtSql.dylib,
					/opt/local/lib/libQtCore.dylib,
					"-lobjc",
					"/opt/local/lib/vtk-5.10/libvtkIO.5.10.0.dylib",
					"/opt/local/lib/vtk-5.10/libvtkFiltering.5.10.0.dylib",
					"/opt/local/lib/vtk-5.10/libvtkCommon.5.10.0.dylib",
					"/opt/local/lib/vtk-5.10/libvtksys.5.10.0.dylib",
					"-lm",
				);
				OTHER_REZFLAGS = "";
				PRODUCT_NAME = labickinect;
				SECTORDER_FLAGS = "";
				SYMROOT = /Users/macecchi/Desktop/labickinect/xcode;
				USE_HEADERMAP = NO;
				WARNING_CFLAGS = (
					"-Wmost",
					"-Wno-four-char-constants",
					"-Wno-unknown-pragmas",
				);
			};
			name = MinSizeRel;
		};
		F1C6D0CE1D074B1EA35696E4 /* MinSizeRel */ = {
			isa = XCBuildConfiguration;
			buildSettings = {
				COMBINE_HIDPI_IMAGES = YES;
				GCC_GENERATE_DEBUGGING_SYMBOLS = NO;
				GCC_INLINES_ARE_PRIVATE_EXTERN = NO;
				GCC_OPTIMIZATION_LEVEL = 0;
				GCC_PREPROCESSOR_DEFINITIONS = (
					"'CMAKE_INTDIR=\"$(CONFIGURATION)$(EFFECTIVE_PLATFORM_NAME)\"'",
					EIGEN_USE_NEW_STDVECTOR,
					EIGEN_YES_I_KNOW_SPARSE_MODULE_IS_NOT_STABLE_YET,
					FLANN_STATIC,
					qh_QHpointer,
				);
				GCC_SYMBOLS_PRIVATE_EXTERN = NO;
				HEADER_SEARCH_PATHS = (
					"/opt/local/include/vtk-5.10",
					/usr/local/include/opencv,
					/usr/local/include,
					"/usr/local/include/pcl-1.6",
					/opt/local/include/eigen3,
					/opt/local/include,
					/usr/include/ni,
					/usr/local/include/qhull,
				);
				INSTALL_PATH = "";
				OTHER_CFLAGS = (
					"-msse4.1",
					"-mfpmath=sse",
				);
				OTHER_LDFLAGS = "";
				OTHER_REZFLAGS = "";
				PRODUCT_NAME = ZERO_CHECK;
				SECTORDER_FLAGS = "";
				SYMROOT = /Users/macecchi/Desktop/labickinect/xcode;
				USE_HEADERMAP = NO;
				WARNING_CFLAGS = (
					"-Wmost",
					"-Wno-four-char-constants",
					"-Wno-unknown-pragmas",
				);
			};
			name = MinSizeRel;
		};
		FCC313714D7940D2A61B931A /* Debug */ = {
			isa = XCBuildConfiguration;
			buildSettings = {
				COMBINE_HIDPI_IMAGES = YES;
				GCC_GENERATE_DEBUGGING_SYMBOLS = NO;
				GCC_INLINES_ARE_PRIVATE_EXTERN = NO;
				GCC_OPTIMIZATION_LEVEL = 0;
				GCC_PREPROCESSOR_DEFINITIONS = (
					"'CMAKE_INTDIR=\"$(CONFIGURATION)$(EFFECTIVE_PLATFORM_NAME)\"'",
					EIGEN_USE_NEW_STDVECTOR,
					EIGEN_YES_I_KNOW_SPARSE_MODULE_IS_NOT_STABLE_YET,
					FLANN_STATIC,
					qh_QHpointer,
				);
				GCC_SYMBOLS_PRIVATE_EXTERN = NO;
				HEADER_SEARCH_PATHS = (
					"/opt/local/include/vtk-5.10",
					/usr/local/include/opencv,
					/usr/local/include,
					"/usr/local/include/pcl-1.6",
					/opt/local/include/eigen3,
					/opt/local/include,
					/usr/include/ni,
					/usr/local/include/qhull,
				);
				INSTALL_PATH = "";
				OTHER_CFLAGS = (
					"-msse4.1",
					"-mfpmath=sse",
				);
				OTHER_LDFLAGS = "";
				OTHER_REZFLAGS = "";
				PRODUCT_NAME = ALL_BUILD;
				SECTORDER_FLAGS = "";
				SYMROOT = /Users/macecchi/Desktop/labickinect/xcode;
				USE_HEADERMAP = NO;
				WARNING_CFLAGS = (
					"-Wmost",
					"-Wno-four-char-constants",
					"-Wno-unknown-pragmas",
				);
			};
			name = Debug;
		};
/* End XCBuildConfiguration section */

/* Begin XCConfigurationList section */
		1AE4F0F815134EA58FB04488 /* Build configuration list for PBXNativeTarget "labickinect" */ = {
			isa = XCConfigurationList;
			buildConfigurations = (
				5460FB169DD8449287C3F00D /* Debug */,
				3BE56B5517A84771851232D9 /* Release */,
				EFE65E01D37347C794A99164 /* MinSizeRel */,
				220E430CC9D24A8B8419E730 /* RelWithDebInfo */,
			);
			defaultConfigurationIsVisible = 0;
			defaultConfigurationName = Debug;
		};
		2F9A6441E7B24DBA880DE4A2 /* Build configuration list for PBXProject "LabicKinect" */ = {
			isa = XCConfigurationList;
			buildConfigurations = (
				9F778D02647D4D81A3C635BA /* Debug */,
				E016AA128FF448219D9B9B52 /* Release */,
				3E9E5515AEF441F48D359E8A /* MinSizeRel */,
				B19137B10B6C46C68DF23618 /* RelWithDebInfo */,
			);
			defaultConfigurationIsVisible = 0;
			defaultConfigurationName = Debug;
		};
		9146EC9287414099A34E7673 /* Build configuration list for PBXAggregateTarget "ALL_BUILD" */ = {
			isa = XCConfigurationList;
			buildConfigurations = (
				FCC313714D7940D2A61B931A /* Debug */,
				ECF74F88046B46C798FAB2C7 /* Release */,
				7E8347D85D354C6B9F86E5C3 /* MinSizeRel */,
				957C39B49A2E4CFF931ED3EF /* RelWithDebInfo */,
			);
			defaultConfigurationIsVisible = 0;
			defaultConfigurationName = Debug;
		};
		B1A34AEA78A649C1B02CD203 /* Build configuration list for PBXAggregateTarget "ZERO_CHECK" */ = {
			isa = XCConfigurationList;
			buildConfigurations = (
				AE2AAE5873CB400A807C712E /* Debug */,
				025BEBFA72F648F4A2619306 /* Release */,
				F1C6D0CE1D074B1EA35696E4 /* MinSizeRel */,
				83D714466DD4473BAF9EAA9A /* RelWithDebInfo */,
			);
			defaultConfigurationIsVisible = 0;
			defaultConfigurationName = Debug;
		};
/* End XCConfigurationList section */
	};
	rootObject = 2A807D596D9D4EACA03811BA /* Project object */;
}
